// !$*UTF8*$!
{
	archiveVersion = 1;
	classes = {
	};
	objectVersion = 51;
	objects = {

/* Begin PBXBuildFile section */
		B488C4A1513AED16260D8F64 /* Pods_SaveTheMap.framework in Frameworks */ = {isa = PBXBuildFile; fileRef = 2473E25DF5BB0D9DECDADBA2 /* Pods_SaveTheMap.framework */; };
		E56DF078236978590082BBD3 /* AppDelegate.swift in Sources */ = {isa = PBXBuildFile; fileRef = E56DF077236978590082BBD3 /* AppDelegate.swift */; };
		E56DF07A236978590082BBD3 /* SceneDelegate.swift in Sources */ = {isa = PBXBuildFile; fileRef = E56DF079236978590082BBD3 /* SceneDelegate.swift */; };
		E56DF0812369785A0082BBD3 /* Assets.xcassets in Resources */ = {isa = PBXBuildFile; fileRef = E56DF0802369785A0082BBD3 /* Assets.xcassets */; };
		E56DF0842369785A0082BBD3 /* LaunchScreen.storyboard in Resources */ = {isa = PBXBuildFile; fileRef = E56DF0822369785A0082BBD3 /* LaunchScreen.storyboard */; };
		E56DF08E236979FA0082BBD3 /* RegionsView.swift in Sources */ = {isa = PBXBuildFile; fileRef = E56DF08D236979FA0082BBD3 /* RegionsView.swift */; };
		E56DF0902369870D0082BBD3 /* RegionsTableDelegate.swift in Sources */ = {isa = PBXBuildFile; fileRef = E56DF08F2369870D0082BBD3 /* RegionsTableDelegate.swift */; };
		E56DF09223698AC40082BBD3 /* FreeMemoryView.swift in Sources */ = {isa = PBXBuildFile; fileRef = E56DF09123698AC40082BBD3 /* FreeMemoryView.swift */; };
		E56DF0962369A7BC0082BBD3 /* regions.xml in Resources */ = {isa = PBXBuildFile; fileRef = E56DF0952369A7BC0082BBD3 /* regions.xml */; };
		E56DF0982369A8880082BBD3 /* Region.swift in Sources */ = {isa = PBXBuildFile; fileRef = E56DF0972369A8880082BBD3 /* Region.swift */; };
		E56DF09A2369A9090082BBD3 /* Repository.swift in Sources */ = {isa = PBXBuildFile; fileRef = E56DF0992369A9090082BBD3 /* Repository.swift */; };
		E56DF09F236A1FC50082BBD3 /* RegionCell.swift in Sources */ = {isa = PBXBuildFile; fileRef = E56DF09E236A1FC50082BBD3 /* RegionCell.swift */; };
/* End PBXBuildFile section */

/* Begin PBXFileReference section */
		04E070AAABDB041A60B53E62 /* Pods-SaveTheMap.debug.xcconfig */ = {isa = PBXFileReference; includeInIndex = 1; lastKnownFileType = text.xcconfig; name = "Pods-SaveTheMap.debug.xcconfig"; path = "Target Support Files/Pods-SaveTheMap/Pods-SaveTheMap.debug.xcconfig"; sourceTree = "<group>"; };
		2473E25DF5BB0D9DECDADBA2 /* Pods_SaveTheMap.framework */ = {isa = PBXFileReference; explicitFileType = wrapper.framework; includeInIndex = 0; path = Pods_SaveTheMap.framework; sourceTree = BUILT_PRODUCTS_DIR; };
		8C7DEAD88DC72C558D936C23 /* Pods-SaveTheMap.release.xcconfig */ = {isa = PBXFileReference; includeInIndex = 1; lastKnownFileType = text.xcconfig; name = "Pods-SaveTheMap.release.xcconfig"; path = "Target Support Files/Pods-SaveTheMap/Pods-SaveTheMap.release.xcconfig"; sourceTree = "<group>"; };
		E56DF074236978590082BBD3 /* SaveTheMap.app */ = {isa = PBXFileReference; explicitFileType = wrapper.application; includeInIndex = 0; path = SaveTheMap.app; sourceTree = BUILT_PRODUCTS_DIR; };
		E56DF077236978590082BBD3 /* AppDelegate.swift */ = {isa = PBXFileReference; lastKnownFileType = sourcecode.swift; path = AppDelegate.swift; sourceTree = "<group>"; };
		E56DF079236978590082BBD3 /* SceneDelegate.swift */ = {isa = PBXFileReference; lastKnownFileType = sourcecode.swift; path = SceneDelegate.swift; sourceTree = "<group>"; };
		E56DF0802369785A0082BBD3 /* Assets.xcassets */ = {isa = PBXFileReference; lastKnownFileType = folder.assetcatalog; path = Assets.xcassets; sourceTree = "<group>"; };
		E56DF0832369785A0082BBD3 /* Base */ = {isa = PBXFileReference; lastKnownFileType = file.storyboard; name = Base; path = Base.lproj/LaunchScreen.storyboard; sourceTree = "<group>"; };
		E56DF0852369785A0082BBD3 /* Info.plist */ = {isa = PBXFileReference; lastKnownFileType = text.plist.xml; path = Info.plist; sourceTree = "<group>"; };
		E56DF08D236979FA0082BBD3 /* RegionsView.swift */ = {isa = PBXFileReference; lastKnownFileType = sourcecode.swift; path = RegionsView.swift; sourceTree = "<group>"; };
		E56DF08F2369870D0082BBD3 /* RegionsTableDelegate.swift */ = {isa = PBXFileReference; lastKnownFileType = sourcecode.swift; path = RegionsTableDelegate.swift; sourceTree = "<group>"; };
		E56DF09123698AC40082BBD3 /* FreeMemoryView.swift */ = {isa = PBXFileReference; lastKnownFileType = sourcecode.swift; path = FreeMemoryView.swift; sourceTree = "<group>"; };
		E56DF0952369A7BC0082BBD3 /* regions.xml */ = {isa = PBXFileReference; fileEncoding = 4; lastKnownFileType = text.xml; path = regions.xml; sourceTree = "<group>"; };
		E56DF0972369A8880082BBD3 /* Region.swift */ = {isa = PBXFileReference; lastKnownFileType = sourcecode.swift; path = Region.swift; sourceTree = "<group>"; };
		E56DF0992369A9090082BBD3 /* Repository.swift */ = {isa = PBXFileReference; lastKnownFileType = sourcecode.swift; path = Repository.swift; sourceTree = "<group>"; };
		E56DF09E236A1FC50082BBD3 /* RegionCell.swift */ = {isa = PBXFileReference; lastKnownFileType = sourcecode.swift; path = RegionCell.swift; sourceTree = "<group>"; };
/* End PBXFileReference section */

/* Begin PBXFrameworksBuildPhase section */
		E56DF071236978580082BBD3 /* Frameworks */ = {
			isa = PBXFrameworksBuildPhase;
			buildActionMask = 2147483647;
			files = (
				B488C4A1513AED16260D8F64 /* Pods_SaveTheMap.framework in Frameworks */,
			);
			runOnlyForDeploymentPostprocessing = 0;
		};
/* End PBXFrameworksBuildPhase section */

/* Begin PBXGroup section */
		2A8AC0F816828EA1D124F39A /* Frameworks */ = {
			isa = PBXGroup;
			children = (
				2473E25DF5BB0D9DECDADBA2 /* Pods_SaveTheMap.framework */,
			);
			name = Frameworks;
			sourceTree = "<group>";
		};
		D64A5F4F9AC3A8F53F59D14C /* Pods */ = {
			isa = PBXGroup;
			children = (
				04E070AAABDB041A60B53E62 /* Pods-SaveTheMap.debug.xcconfig */,
				8C7DEAD88DC72C558D936C23 /* Pods-SaveTheMap.release.xcconfig */,
			);
			path = Pods;
			sourceTree = "<group>";
		};
		E56DF06B236978580082BBD3 = {
			isa = PBXGroup;
			children = (
				E56DF076236978590082BBD3 /* SaveTheMap */,
				E56DF075236978590082BBD3 /* Products */,
				D64A5F4F9AC3A8F53F59D14C /* Pods */,
				2A8AC0F816828EA1D124F39A /* Frameworks */,
			);
			sourceTree = "<group>";
		};
		E56DF075236978590082BBD3 /* Products */ = {
			isa = PBXGroup;
			children = (
				E56DF074236978590082BBD3 /* SaveTheMap.app */,
			);
			name = Products;
			sourceTree = "<group>";
		};
		E56DF076236978590082BBD3 /* SaveTheMap */ = {
			isa = PBXGroup;
			children = (
				E56DF0932369A7720082BBD3 /* Repository */,
				E56DF08C236979D30082BBD3 /* RegionsView */,
				E56DF077236978590082BBD3 /* AppDelegate.swift */,
				E56DF079236978590082BBD3 /* SceneDelegate.swift */,
				E56DF08B236979B10082BBD3 /* Supporting files */,
			);
			path = SaveTheMap;
			sourceTree = "<group>";
		};
		E56DF08B236979B10082BBD3 /* Supporting files */ = {
			isa = PBXGroup;
			children = (
				E56DF0802369785A0082BBD3 /* Assets.xcassets */,
				E56DF0952369A7BC0082BBD3 /* regions.xml */,
				E56DF0822369785A0082BBD3 /* LaunchScreen.storyboard */,
				E56DF0852369785A0082BBD3 /* Info.plist */,
			);
			name = "Supporting files";
			sourceTree = "<group>";
		};
		E56DF08C236979D30082BBD3 /* RegionsView */ = {
			isa = PBXGroup;
			children = (
				E56DF09D236A1F410082BBD3 /* Cells */,
				E56DF08D236979FA0082BBD3 /* RegionsView.swift */,
				E56DF08F2369870D0082BBD3 /* RegionsTableDelegate.swift */,
			);
			path = RegionsView;
			sourceTree = "<group>";
		};
		E56DF0932369A7720082BBD3 /* Repository */ = {
			isa = PBXGroup;
			children = (
				E56DF0942369A77D0082BBD3 /* Plain objects */,
				E56DF0992369A9090082BBD3 /* Repository.swift */,
			);
			name = Repository;
			sourceTree = "<group>";
		};
		E56DF0942369A77D0082BBD3 /* Plain objects */ = {
			isa = PBXGroup;
			children = (
				E56DF0972369A8880082BBD3 /* Region.swift */,
			);
			name = "Plain objects";
			sourceTree = "<group>";
		};
		E56DF09D236A1F410082BBD3 /* Cells */ = {
			isa = PBXGroup;
			children = (
				E56DF09123698AC40082BBD3 /* FreeMemoryView.swift */,
				E56DF09E236A1FC50082BBD3 /* RegionCell.swift */,
			);
			name = Cells;
			sourceTree = "<group>";
		};
/* End PBXGroup section */

/* Begin PBXNativeTarget section */
		E56DF073236978580082BBD3 /* SaveTheMap */ = {
			isa = PBXNativeTarget;
			buildConfigurationList = E56DF0882369785A0082BBD3 /* Build configuration list for PBXNativeTarget "SaveTheMap" */;
			buildPhases = (
				955A5B06136DD9FD135CB5A9 /* [CP] Check Pods Manifest.lock */,
				E56DF070236978580082BBD3 /* Sources */,
				E56DF071236978580082BBD3 /* Frameworks */,
				E56DF072236978580082BBD3 /* Resources */,
				78E49CB4A60ACC090CB74C1E /* [CP] Embed Pods Frameworks */,
			);
			buildRules = (
			);
			dependencies = (
			);
			name = SaveTheMap;
			productName = SaveTheMap;
			productReference = E56DF074236978590082BBD3 /* SaveTheMap.app */;
			productType = "com.apple.product-type.application";
		};
/* End PBXNativeTarget section */

/* Begin PBXProject section */
		E56DF06C236978580082BBD3 /* Project object */ = {
			isa = PBXProject;
			attributes = {
				LastSwiftUpdateCheck = 1110;
				LastUpgradeCheck = 1110;
				ORGANIZATIONNAME = "Artem Martus";
				TargetAttributes = {
					E56DF073236978580082BBD3 = {
						CreatedOnToolsVersion = 11.1;
					};
				};
			};
			buildConfigurationList = E56DF06F236978580082BBD3 /* Build configuration list for PBXProject "SaveTheMap" */;
			compatibilityVersion = "Xcode 9.3";
			developmentRegion = en;
			hasScannedForEncodings = 0;
			knownRegions = (
				en,
				Base,
			);
			mainGroup = E56DF06B236978580082BBD3;
			productRefGroup = E56DF075236978590082BBD3 /* Products */;
			projectDirPath = "";
			projectRoot = "";
			targets = (
				E56DF073236978580082BBD3 /* SaveTheMap */,
			);
		};
/* End PBXProject section */

/* Begin PBXResourcesBuildPhase section */
		E56DF072236978580082BBD3 /* Resources */ = {
			isa = PBXResourcesBuildPhase;
			buildActionMask = 2147483647;
			files = (
				E56DF0842369785A0082BBD3 /* LaunchScreen.storyboard in Resources */,
				E56DF0812369785A0082BBD3 /* Assets.xcassets in Resources */,
				E56DF0962369A7BC0082BBD3 /* regions.xml in Resources */,
			);
			runOnlyForDeploymentPostprocessing = 0;
		};
/* End PBXResourcesBuildPhase section */

/* Begin PBXShellScriptBuildPhase section */
		78E49CB4A60ACC090CB74C1E /* [CP] Embed Pods Frameworks */ = {
			isa = PBXShellScriptBuildPhase;
			buildActionMask = 2147483647;
			files = (
			);
			inputFileListPaths = (
				"${PODS_ROOT}/Target Support Files/Pods-SaveTheMap/Pods-SaveTheMap-frameworks-${CONFIGURATION}-input-files.xcfilelist",
			);
			name = "[CP] Embed Pods Frameworks";
			outputFileListPaths = (
				"${PODS_ROOT}/Target Support Files/Pods-SaveTheMap/Pods-SaveTheMap-frameworks-${CONFIGURATION}-output-files.xcfilelist",
			);
			runOnlyForDeploymentPostprocessing = 0;
			shellPath = /bin/sh;
			shellScript = "\"${PODS_ROOT}/Target Support Files/Pods-SaveTheMap/Pods-SaveTheMap-frameworks.sh\"\n";
			showEnvVarsInLog = 0;
		};
		955A5B06136DD9FD135CB5A9 /* [CP] Check Pods Manifest.lock */ = {
			isa = PBXShellScriptBuildPhase;
			buildActionMask = 2147483647;
			files = (
			);
			inputFileListPaths = (
			);
			inputPaths = (
				"${PODS_PODFILE_DIR_PATH}/Podfile.lock",
				"${PODS_ROOT}/Manifest.lock",
			);
			name = "[CP] Check Pods Manifest.lock";
			outputFileListPaths = (
			);
			outputPaths = (
				"$(DERIVED_FILE_DIR)/Pods-SaveTheMap-checkManifestLockResult.txt",
			);
			runOnlyForDeploymentPostprocessing = 0;
			shellPath = /bin/sh;
			shellScript = "diff \"${PODS_PODFILE_DIR_PATH}/Podfile.lock\" \"${PODS_ROOT}/Manifest.lock\" > /dev/null\nif [ $? != 0 ] ; then\n    # print error to STDERR\n    echo \"error: The sandbox is not in sync with the Podfile.lock. Run 'pod install' or update your CocoaPods installation.\" >&2\n    exit 1\nfi\n# This output is used by Xcode 'outputs' to avoid re-running this script phase.\necho \"SUCCESS\" > \"${SCRIPT_OUTPUT_FILE_0}\"\n";
			showEnvVarsInLog = 0;
		};
/* End PBXShellScriptBuildPhase section */

/* Begin PBXSourcesBuildPhase section */
		E56DF070236978580082BBD3 /* Sources */ = {
			isa = PBXSourcesBuildPhase;
			buildActionMask = 2147483647;
			files = (
				E56DF09A2369A9090082BBD3 /* Repository.swift in Sources */,
				E56DF08E236979FA0082BBD3 /* RegionsView.swift in Sources */,
				E56DF09223698AC40082BBD3 /* FreeMemoryView.swift in Sources */,
				E56DF078236978590082BBD3 /* AppDelegate.swift in Sources */,
				E56DF0982369A8880082BBD3 /* Region.swift in Sources */,
				E56DF07A236978590082BBD3 /* SceneDelegate.swift in Sources */,
				E56DF0902369870D0082BBD3 /* RegionsTableDelegate.swift in Sources */,
				E56DF09F236A1FC50082BBD3 /* RegionCell.swift in Sources */,
			);
			runOnlyForDeploymentPostprocessing = 0;
		};
/* End PBXSourcesBuildPhase section */

/* Begin PBXVariantGroup section */
		E56DF0822369785A0082BBD3 /* LaunchScreen.storyboard */ = {
			isa = PBXVariantGroup;
			children = (
				E56DF0832369785A0082BBD3 /* Base */,
			);
			name = LaunchScreen.storyboard;
			sourceTree = "<group>";
		};
/* End PBXVariantGroup section */

/* Begin XCBuildConfiguration section */
		E56DF0862369785A0082BBD3 /* Debug */ = {
			isa = XCBuildConfiguration;
			buildSettings = {
				ALWAYS_SEARCH_USER_PATHS = NO;
				CLANG_ANALYZER_NONNULL = YES;
				CLANG_ANALYZER_NUMBER_OBJECT_CONVERSION = YES_AGGRESSIVE;
				CLANG_CXX_LANGUAGE_STANDARD = "gnu++14";
				CLANG_CXX_LIBRARY = "libc++";
				CLANG_ENABLE_MODULES = YES;
				CLANG_ENABLE_OBJC_ARC = YES;
				CLANG_ENABLE_OBJC_WEAK = YES;
				CLANG_WARN_BLOCK_CAPTURE_AUTORELEASING = YES;
				CLANG_WARN_BOOL_CONVERSION = YES;
				CLANG_WARN_COMMA = YES;
				CLANG_WARN_CONSTANT_CONVERSION = YES;
				CLANG_WARN_DEPRECATED_OBJC_IMPLEMENTATIONS = YES;
				CLANG_WARN_DIRECT_OBJC_ISA_USAGE = YES_ERROR;
				CLANG_WARN_DOCUMENTATION_COMMENTS = YES;
				CLANG_WARN_EMPTY_BODY = YES;
				CLANG_WARN_ENUM_CONVERSION = YES;
				CLANG_WARN_INFINITE_RECURSION = YES;
				CLANG_WARN_INT_CONVERSION = YES;
				CLANG_WARN_NON_LITERAL_NULL_CONVERSION = YES;
				CLANG_WARN_OBJC_IMPLICIT_RETAIN_SELF = YES;
				CLANG_WARN_OBJC_LITERAL_CONVERSION = YES;
				CLANG_WARN_OBJC_ROOT_CLASS = YES_ERROR;
				CLANG_WARN_RANGE_LOOP_ANALYSIS = YES;
				CLANG_WARN_STRICT_PROTOTYPES = YES;
				CLANG_WARN_SUSPICIOUS_MOVE = YES;
				CLANG_WARN_UNGUARDED_AVAILABILITY = YES_AGGRESSIVE;
				CLANG_WARN_UNREACHABLE_CODE = YES;
				CLANG_WARN__DUPLICATE_METHOD_MATCH = YES;
				COPY_PHASE_STRIP = NO;
				DEBUG_INFORMATION_FORMAT = dwarf;
				ENABLE_STRICT_OBJC_MSGSEND = YES;
				ENABLE_TESTABILITY = YES;
				GCC_C_LANGUAGE_STANDARD = gnu11;
				GCC_DYNAMIC_NO_PIC = NO;
				GCC_NO_COMMON_BLOCKS = YES;
				GCC_OPTIMIZATION_LEVEL = 0;
				GCC_PREPROCESSOR_DEFINITIONS = (
					"DEBUG=1",
					"$(inherited)",
				);
				GCC_WARN_64_TO_32_BIT_CONVERSION = YES;
				GCC_WARN_ABOUT_RETURN_TYPE = YES_ERROR;
				GCC_WARN_UNDECLARED_SELECTOR = YES;
				GCC_WARN_UNINITIALIZED_AUTOS = YES_AGGRESSIVE;
				GCC_WARN_UNUSED_FUNCTION = YES;
				GCC_WARN_UNUSED_VARIABLE = YES;
				IPHONEOS_DEPLOYMENT_TARGET = 13.1;
				MTL_ENABLE_DEBUG_INFO = INCLUDE_SOURCE;
				MTL_FAST_MATH = YES;
				ONLY_ACTIVE_ARCH = YES;
				SDKROOT = iphoneos;
				SWIFT_ACTIVE_COMPILATION_CONDITIONS = DEBUG;
				SWIFT_OPTIMIZATION_LEVEL = "-Onone";
			};
			name = Debug;
		};
		E56DF0872369785A0082BBD3 /* Release */ = {
			isa = XCBuildConfiguration;
			buildSettings = {
				ALWAYS_SEARCH_USER_PATHS = NO;
				CLANG_ANALYZER_NONNULL = YES;
				CLANG_ANALYZER_NUMBER_OBJECT_CONVERSION = YES_AGGRESSIVE;
				CLANG_CXX_LANGUAGE_STANDARD = "gnu++14";
				CLANG_CXX_LIBRARY = "libc++";
				CLANG_ENABLE_MODULES = YES;
				CLANG_ENABLE_OBJC_ARC = YES;
				CLANG_ENABLE_OBJC_WEAK = YES;
				CLANG_WARN_BLOCK_CAPTURE_AUTORELEASING = YES;
				CLANG_WARN_BOOL_CONVERSION = YES;
				CLANG_WARN_COMMA = YES;
				CLANG_WARN_CONSTANT_CONVERSION = YES;
				CLANG_WARN_DEPRECATED_OBJC_IMPLEMENTATIONS = YES;
				CLANG_WARN_DIRECT_OBJC_ISA_USAGE = YES_ERROR;
				CLANG_WARN_DOCUMENTATION_COMMENTS = YES;
				CLANG_WARN_EMPTY_BODY = YES;
				CLANG_WARN_ENUM_CONVERSION = YES;
				CLANG_WARN_INFINITE_RECURSION = YES;
				CLANG_WARN_INT_CONVERSION = YES;
				CLANG_WARN_NON_LITERAL_NULL_CONVERSION = YES;
				CLANG_WARN_OBJC_IMPLICIT_RETAIN_SELF = YES;
				CLANG_WARN_OBJC_LITERAL_CONVERSION = YES;
				CLANG_WARN_OBJC_ROOT_CLASS = YES_ERROR;
				CLANG_WARN_RANGE_LOOP_ANALYSIS = YES;
				CLANG_WARN_STRICT_PROTOTYPES = YES;
				CLANG_WARN_SUSPICIOUS_MOVE = YES;
				CLANG_WARN_UNGUARDED_AVAILABILITY = YES_AGGRESSIVE;
				CLANG_WARN_UNREACHABLE_CODE = YES;
				CLANG_WARN__DUPLICATE_METHOD_MATCH = YES;
				COPY_PHASE_STRIP = NO;
				DEBUG_INFORMATION_FORMAT = "dwarf-with-dsym";
				ENABLE_NS_ASSERTIONS = NO;
				ENABLE_STRICT_OBJC_MSGSEND = YES;
				GCC_C_LANGUAGE_STANDARD = gnu11;
				GCC_NO_COMMON_BLOCKS = YES;
				GCC_WARN_64_TO_32_BIT_CONVERSION = YES;
				GCC_WARN_ABOUT_RETURN_TYPE = YES_ERROR;
				GCC_WARN_UNDECLARED_SELECTOR = YES;
				GCC_WARN_UNINITIALIZED_AUTOS = YES_AGGRESSIVE;
				GCC_WARN_UNUSED_FUNCTION = YES;
				GCC_WARN_UNUSED_VARIABLE = YES;
				IPHONEOS_DEPLOYMENT_TARGET = 13.1;
				MTL_ENABLE_DEBUG_INFO = NO;
				MTL_FAST_MATH = YES;
				SDKROOT = iphoneos;
				SWIFT_COMPILATION_MODE = wholemodule;
				SWIFT_OPTIMIZATION_LEVEL = "-O";
				VALIDATE_PRODUCT = YES;
			};
			name = Release;
		};
		E56DF0892369785A0082BBD3 /* Debug */ = {
			isa = XCBuildConfiguration;
			baseConfigurationReference = 04E070AAABDB041A60B53E62 /* Pods-SaveTheMap.debug.xcconfig */;
			buildSettings = {
				ASSETCATALOG_COMPILER_APPICON_NAME = AppIcon;
				CODE_SIGN_STYLE = Automatic;
				DEVELOPMENT_TEAM = BR2V2FZWQ7;
				INFOPLIST_FILE = SaveTheMap/Info.plist;
				LD_RUNPATH_SEARCH_PATHS = (
					"$(inherited)",
					"@executable_path/Frameworks",
				);
				PRODUCT_BUNDLE_IDENTIFIER = com.upsage.SaveTheMap;
				PRODUCT_NAME = "$(TARGET_NAME)";
				SWIFT_VERSION = 5.0;
				TARGETED_DEVICE_FAMILY = 1;
			};
			name = Debug;
		};
		E56DF08A2369785A0082BBD3 /* Release */ = {
			isa = XCBuildConfiguration;
			baseConfigurationReference = 8C7DEAD88DC72C558D936C23 /* Pods-SaveTheMap.release.xcconfig */;
			buildSettings = {
				ASSETCATALOG_COMPILER_APPICON_NAME = AppIcon;
				CODE_SIGN_STYLE = Automatic;
				DEVELOPMENT_TEAM = BR2V2FZWQ7;
				INFOPLIST_FILE = SaveTheMap/Info.plist;
				LD_RUNPATH_SEARCH_PATHS = (
					"$(inherited)",
					"@executable_path/Frameworks",
				);
				PRODUCT_BUNDLE_IDENTIFIER = com.upsage.SaveTheMap;
				PRODUCT_NAME = "$(TARGET_NAME)";
				SWIFT_VERSION = 5.0;
				TARGETED_DEVICE_FAMILY = 1;
			};
			name = Release;
		};
/* End XCBuildConfiguration section */

/* Begin XCConfigurationList section */
		E56DF06F236978580082BBD3 /* Build configuration list for PBXProject "SaveTheMap" */ = {
			isa = XCConfigurationList;
			buildConfigurations = (
				E56DF0862369785A0082BBD3 /* Debug */,
				E56DF0872369785A0082BBD3 /* Release */,
			);
			defaultConfigurationIsVisible = 0;
			defaultConfigurationName = Release;
		};
		E56DF0882369785A0082BBD3 /* Build configuration list for PBXNativeTarget "SaveTheMap" */ = {
			isa = XCConfigurationList;
			buildConfigurations = (
				E56DF0892369785A0082BBD3 /* Debug */,
				E56DF08A2369785A0082BBD3 /* Release */,
			);
			defaultConfigurationIsVisible = 0;
			defaultConfigurationName = Release;
		};
/* End XCConfigurationList section */
	};
	rootObject = E56DF06C236978580082BBD3 /* Project object */;
}
